// !$*UTF8*$!
{
	archiveVersion = 1;
	classes = {
	};
	objectVersion = 56;
	objects = {

/* Begin PBXBuildFile section */
		D07DFF222A0AE94700F10B30 /* AppDelegate.swift in Sources */ = {isa = PBXBuildFile; fileRef = D07DFF212A0AE94700F10B30 /* AppDelegate.swift */; };
		D07DFF262A0AE94700F10B30 /* ViewController.swift in Sources */ = {isa = PBXBuildFile; fileRef = D07DFF252A0AE94700F10B30 /* ViewController.swift */; };
		D07DFF292A0AE94700F10B30 /* Main.storyboard in Resources */ = {isa = PBXBuildFile; fileRef = D07DFF272A0AE94700F10B30 /* Main.storyboard */; };
		D07DFF2B2A0AE94900F10B30 /* Assets.xcassets in Resources */ = {isa = PBXBuildFile; fileRef = D07DFF2A2A0AE94900F10B30 /* Assets.xcassets */; };
		D07DFF2E2A0AE94900F10B30 /* LaunchScreen.storyboard in Resources */ = {isa = PBXBuildFile; fileRef = D07DFF2C2A0AE94900F10B30 /* LaunchScreen.storyboard */; };
		D07DFF392A0AE94900F10B30 /* PersonalityAppTests.swift in Sources */ = {isa = PBXBuildFile; fileRef = D07DFF382A0AE94900F10B30 /* PersonalityAppTests.swift */; };
		D07DFF432A0AE94900F10B30 /* PersonalityAppUITests.swift in Sources */ = {isa = PBXBuildFile; fileRef = D07DFF422A0AE94900F10B30 /* PersonalityAppUITests.swift */; };
		D07DFF452A0AE94900F10B30 /* PersonalityAppUITestsLaunchTests.swift in Sources */ = {isa = PBXBuildFile; fileRef = D07DFF442A0AE94900F10B30 /* PersonalityAppUITestsLaunchTests.swift */; };
		D07DFF5A2A0AF15F00F10B30 /* ApiClient.swift in Sources */ = {isa = PBXBuildFile; fileRef = D07DFF592A0AF15F00F10B30 /* ApiClient.swift */; };
		D07DFF5C2A0AF16F00F10B30 /* ApiRequest.swift in Sources */ = {isa = PBXBuildFile; fileRef = D07DFF5B2A0AF16F00F10B30 /* ApiRequest.swift */; };
		D07DFF602A0AF2FD00F10B30 /* StartPersonalityTestViewController.swift in Sources */ = {isa = PBXBuildFile; fileRef = D07DFF5E2A0AF2FD00F10B30 /* StartPersonalityTestViewController.swift */; };
		D07DFF612A0AF2FD00F10B30 /* StartPersonalityTestViewController.xib in Resources */ = {isa = PBXBuildFile; fileRef = D07DFF5F2A0AF2FD00F10B30 /* StartPersonalityTestViewController.xib */; };
/* End PBXBuildFile section */

/* Begin PBXContainerItemProxy section */
		D07DFF352A0AE94900F10B30 /* PBXContainerItemProxy */ = {
			isa = PBXContainerItemProxy;
			containerPortal = D07DFF162A0AE94700F10B30 /* Project object */;
			proxyType = 1;
			remoteGlobalIDString = D07DFF1D2A0AE94700F10B30;
			remoteInfo = PersonalityApp;
		};
		D07DFF3F2A0AE94900F10B30 /* PBXContainerItemProxy */ = {
			isa = PBXContainerItemProxy;
			containerPortal = D07DFF162A0AE94700F10B30 /* Project object */;
			proxyType = 1;
			remoteGlobalIDString = D07DFF1D2A0AE94700F10B30;
			remoteInfo = PersonalityApp;
		};
/* End PBXContainerItemProxy section */

/* Begin PBXFileReference section */
		D07DFF1E2A0AE94700F10B30 /* PersonalityApp.app */ = {isa = PBXFileReference; explicitFileType = wrapper.application; includeInIndex = 0; path = PersonalityApp.app; sourceTree = BUILT_PRODUCTS_DIR; };
		D07DFF212A0AE94700F10B30 /* AppDelegate.swift */ = {isa = PBXFileReference; lastKnownFileType = sourcecode.swift; path = AppDelegate.swift; sourceTree = "<group>"; };
		D07DFF252A0AE94700F10B30 /* ViewController.swift */ = {isa = PBXFileReference; lastKnownFileType = sourcecode.swift; path = ViewController.swift; sourceTree = "<group>"; };
		D07DFF282A0AE94700F10B30 /* Base */ = {isa = PBXFileReference; lastKnownFileType = file.storyboard; name = Base; path = Base.lproj/Main.storyboard; sourceTree = "<group>"; };
		D07DFF2A2A0AE94900F10B30 /* Assets.xcassets */ = {isa = PBXFileReference; lastKnownFileType = folder.assetcatalog; path = Assets.xcassets; sourceTree = "<group>"; };
		D07DFF2D2A0AE94900F10B30 /* Base */ = {isa = PBXFileReference; lastKnownFileType = file.storyboard; name = Base; path = Base.lproj/LaunchScreen.storyboard; sourceTree = "<group>"; };
		D07DFF2F2A0AE94900F10B30 /* Info.plist */ = {isa = PBXFileReference; lastKnownFileType = text.plist.xml; path = Info.plist; sourceTree = "<group>"; };
		D07DFF342A0AE94900F10B30 /* PersonalityAppTests.xctest */ = {isa = PBXFileReference; explicitFileType = wrapper.cfbundle; includeInIndex = 0; path = PersonalityAppTests.xctest; sourceTree = BUILT_PRODUCTS_DIR; };
		D07DFF382A0AE94900F10B30 /* PersonalityAppTests.swift */ = {isa = PBXFileReference; lastKnownFileType = sourcecode.swift; path = PersonalityAppTests.swift; sourceTree = "<group>"; };
		D07DFF3E2A0AE94900F10B30 /* PersonalityAppUITests.xctest */ = {isa = PBXFileReference; explicitFileType = wrapper.cfbundle; includeInIndex = 0; path = PersonalityAppUITests.xctest; sourceTree = BUILT_PRODUCTS_DIR; };
		D07DFF422A0AE94900F10B30 /* PersonalityAppUITests.swift */ = {isa = PBXFileReference; lastKnownFileType = sourcecode.swift; path = PersonalityAppUITests.swift; sourceTree = "<group>"; };
		D07DFF442A0AE94900F10B30 /* PersonalityAppUITestsLaunchTests.swift */ = {isa = PBXFileReference; lastKnownFileType = sourcecode.swift; path = PersonalityAppUITestsLaunchTests.swift; sourceTree = "<group>"; };
		D07DFF592A0AF15F00F10B30 /* ApiClient.swift */ = {isa = PBXFileReference; lastKnownFileType = sourcecode.swift; path = ApiClient.swift; sourceTree = "<group>"; };
		D07DFF5B2A0AF16F00F10B30 /* ApiRequest.swift */ = {isa = PBXFileReference; lastKnownFileType = sourcecode.swift; path = ApiRequest.swift; sourceTree = "<group>"; };
		D07DFF5E2A0AF2FD00F10B30 /* StartPersonalityTestViewController.swift */ = {isa = PBXFileReference; lastKnownFileType = sourcecode.swift; path = StartPersonalityTestViewController.swift; sourceTree = "<group>"; };
		D07DFF5F2A0AF2FD00F10B30 /* StartPersonalityTestViewController.xib */ = {isa = PBXFileReference; lastKnownFileType = file.xib; path = StartPersonalityTestViewController.xib; sourceTree = "<group>"; };
/* End PBXFileReference section */

/* Begin PBXFrameworksBuildPhase section */
		D07DFF1B2A0AE94700F10B30 /* Frameworks */ = {
			isa = PBXFrameworksBuildPhase;
			buildActionMask = 2147483647;
			files = (
			);
			runOnlyForDeploymentPostprocessing = 0;
		};
		D07DFF312A0AE94900F10B30 /* Frameworks */ = {
			isa = PBXFrameworksBuildPhase;
			buildActionMask = 2147483647;
			files = (
			);
			runOnlyForDeploymentPostprocessing = 0;
		};
		D07DFF3B2A0AE94900F10B30 /* Frameworks */ = {
			isa = PBXFrameworksBuildPhase;
			buildActionMask = 2147483647;
			files = (
			);
			runOnlyForDeploymentPostprocessing = 0;
		};
/* End PBXFrameworksBuildPhase section */

/* Begin PBXGroup section */
		D07DFF152A0AE94700F10B30 = {
			isa = PBXGroup;
			children = (
				D07DFF202A0AE94700F10B30 /* PersonalityApp */,
				D07DFF372A0AE94900F10B30 /* PersonalityAppTests */,
				D07DFF412A0AE94900F10B30 /* PersonalityAppUITests */,
				D07DFF1F2A0AE94700F10B30 /* Products */,
			);
			sourceTree = "<group>";
		};
		D07DFF1F2A0AE94700F10B30 /* Products */ = {
			isa = PBXGroup;
			children = (
				D07DFF1E2A0AE94700F10B30 /* PersonalityApp.app */,
				D07DFF342A0AE94900F10B30 /* PersonalityAppTests.xctest */,
				D07DFF3E2A0AE94900F10B30 /* PersonalityAppUITests.xctest */,
			);
			name = Products;
			sourceTree = "<group>";
		};
		D07DFF202A0AE94700F10B30 /* PersonalityApp */ = {
			isa = PBXGroup;
			children = (
				D07DFF512A0AEBB700F10B30 /* Infrastructure */,
				D07DFF522A0AEBC300F10B30 /* Utils & Extensions */,
				D07DFF562A0AEBFE00F10B30 /* Repositories */,
				D07DFF552A0AEBF500F10B30 /* Models */,
				D07DFF542A0AEBEB00F10B30 /* Features */,
				D07DFF532A0AEBD800F10B30 /* Resources */,
				D07DFF212A0AE94700F10B30 /* AppDelegate.swift */,
			);
			path = PersonalityApp;
			sourceTree = "<group>";
		};
		D07DFF372A0AE94900F10B30 /* PersonalityAppTests */ = {
			isa = PBXGroup;
			children = (
				D07DFF382A0AE94900F10B30 /* PersonalityAppTests.swift */,
			);
			path = PersonalityAppTests;
			sourceTree = "<group>";
		};
		D07DFF412A0AE94900F10B30 /* PersonalityAppUITests */ = {
			isa = PBXGroup;
			children = (
				D07DFF422A0AE94900F10B30 /* PersonalityAppUITests.swift */,
				D07DFF442A0AE94900F10B30 /* PersonalityAppUITestsLaunchTests.swift */,
			);
			path = PersonalityAppUITests;
			sourceTree = "<group>";
		};
		D07DFF512A0AEBB700F10B30 /* Infrastructure */ = {
			isa = PBXGroup;
			children = (
				D07DFF582A0AF14900F10B30 /* Network */,
			);
			path = Infrastructure;
			sourceTree = "<group>";
		};
		D07DFF522A0AEBC300F10B30 /* Utils & Extensions */ = {
			isa = PBXGroup;
			children = (
			);
			path = "Utils & Extensions";
			sourceTree = "<group>";
		};
		D07DFF532A0AEBD800F10B30 /* Resources */ = {
			isa = PBXGroup;
			children = (
				D07DFF2A2A0AE94900F10B30 /* Assets.xcassets */,
				D07DFF2F2A0AE94900F10B30 /* Info.plist */,
			);
			path = Resources;
			sourceTree = "<group>";
		};
		D07DFF542A0AEBEB00F10B30 /* Features */ = {
			isa = PBXGroup;
			children = (
				D07DFF572A0AEC1400F10B30 /* Initial */,
				D07DFF5D2A0AF2D700F10B30 /* Start */,
			);
			path = Features;
			sourceTree = "<group>";
		};
		D07DFF552A0AEBF500F10B30 /* Models */ = {
			isa = PBXGroup;
			children = (
			);
			path = Models;
			sourceTree = "<group>";
		};
		D07DFF562A0AEBFE00F10B30 /* Repositories */ = {
			isa = PBXGroup;
			children = (
			);
			path = Repositories;
			sourceTree = "<group>";
		};
		D07DFF572A0AEC1400F10B30 /* Initial */ = {
			isa = PBXGroup;
			children = (
				D07DFF252A0AE94700F10B30 /* ViewController.swift */,
				D07DFF272A0AE94700F10B30 /* Main.storyboard */,
				D07DFF2C2A0AE94900F10B30 /* LaunchScreen.storyboard */,
			);
			path = Initial;
			sourceTree = "<group>";
		};
		D07DFF582A0AF14900F10B30 /* Network */ = {
			isa = PBXGroup;
			children = (
				D07DFF592A0AF15F00F10B30 /* ApiClient.swift */,
				D07DFF5B2A0AF16F00F10B30 /* ApiRequest.swift */,
			);
			path = Network;
			sourceTree = "<group>";
		};
		D07DFF5D2A0AF2D700F10B30 /* Start */ = {
			isa = PBXGroup;
			children = (
				D07DFF5E2A0AF2FD00F10B30 /* StartPersonalityTestViewController.swift */,
				D07DFF5F2A0AF2FD00F10B30 /* StartPersonalityTestViewController.xib */,
			);
			path = Start;
			sourceTree = "<group>";
		};
/* End PBXGroup section */

/* Begin PBXNativeTarget section */
		D07DFF1D2A0AE94700F10B30 /* PersonalityApp */ = {
			isa = PBXNativeTarget;
			buildConfigurationList = D07DFF482A0AE94900F10B30 /* Build configuration list for PBXNativeTarget "PersonalityApp" */;
			buildPhases = (
				D07DFF1A2A0AE94700F10B30 /* Sources */,
				D07DFF1B2A0AE94700F10B30 /* Frameworks */,
				D07DFF1C2A0AE94700F10B30 /* Resources */,
			);
			buildRules = (
			);
			dependencies = (
			);
			name = PersonalityApp;
			productName = PersonalityApp;
			productReference = D07DFF1E2A0AE94700F10B30 /* PersonalityApp.app */;
			productType = "com.apple.product-type.application";
		};
		D07DFF332A0AE94900F10B30 /* PersonalityAppTests */ = {
			isa = PBXNativeTarget;
			buildConfigurationList = D07DFF4B2A0AE94900F10B30 /* Build configuration list for PBXNativeTarget "PersonalityAppTests" */;
			buildPhases = (
				D07DFF302A0AE94900F10B30 /* Sources */,
				D07DFF312A0AE94900F10B30 /* Frameworks */,
				D07DFF322A0AE94900F10B30 /* Resources */,
			);
			buildRules = (
			);
			dependencies = (
				D07DFF362A0AE94900F10B30 /* PBXTargetDependency */,
			);
			name = PersonalityAppTests;
			productName = PersonalityAppTests;
			productReference = D07DFF342A0AE94900F10B30 /* PersonalityAppTests.xctest */;
			productType = "com.apple.product-type.bundle.unit-test";
		};
		D07DFF3D2A0AE94900F10B30 /* PersonalityAppUITests */ = {
			isa = PBXNativeTarget;
			buildConfigurationList = D07DFF4E2A0AE94900F10B30 /* Build configuration list for PBXNativeTarget "PersonalityAppUITests" */;
			buildPhases = (
				D07DFF3A2A0AE94900F10B30 /* Sources */,
				D07DFF3B2A0AE94900F10B30 /* Frameworks */,
				D07DFF3C2A0AE94900F10B30 /* Resources */,
			);
			buildRules = (
			);
			dependencies = (
				D07DFF402A0AE94900F10B30 /* PBXTargetDependency */,
			);
			name = PersonalityAppUITests;
			productName = PersonalityAppUITests;
			productReference = D07DFF3E2A0AE94900F10B30 /* PersonalityAppUITests.xctest */;
			productType = "com.apple.product-type.bundle.ui-testing";
		};
/* End PBXNativeTarget section */

/* Begin PBXProject section */
		D07DFF162A0AE94700F10B30 /* Project object */ = {
			isa = PBXProject;
			attributes = {
				BuildIndependentTargetsInParallel = 1;
				LastSwiftUpdateCheck = 1430;
				LastUpgradeCheck = 1430;
				TargetAttributes = {
					D07DFF1D2A0AE94700F10B30 = {
						CreatedOnToolsVersion = 14.3;
					};
					D07DFF332A0AE94900F10B30 = {
						CreatedOnToolsVersion = 14.3;
						TestTargetID = D07DFF1D2A0AE94700F10B30;
					};
					D07DFF3D2A0AE94900F10B30 = {
						CreatedOnToolsVersion = 14.3;
						TestTargetID = D07DFF1D2A0AE94700F10B30;
					};
				};
			};
			buildConfigurationList = D07DFF192A0AE94700F10B30 /* Build configuration list for PBXProject "PersonalityApp" */;
			compatibilityVersion = "Xcode 14.0";
			developmentRegion = en;
			hasScannedForEncodings = 0;
			knownRegions = (
				en,
				Base,
			);
			mainGroup = D07DFF152A0AE94700F10B30;
			productRefGroup = D07DFF1F2A0AE94700F10B30 /* Products */;
			projectDirPath = "";
			projectRoot = "";
			targets = (
				D07DFF1D2A0AE94700F10B30 /* PersonalityApp */,
				D07DFF332A0AE94900F10B30 /* PersonalityAppTests */,
				D07DFF3D2A0AE94900F10B30 /* PersonalityAppUITests */,
			);
		};
/* End PBXProject section */

/* Begin PBXResourcesBuildPhase section */
		D07DFF1C2A0AE94700F10B30 /* Resources */ = {
			isa = PBXResourcesBuildPhase;
			buildActionMask = 2147483647;
			files = (
				D07DFF2E2A0AE94900F10B30 /* LaunchScreen.storyboard in Resources */,
				D07DFF2B2A0AE94900F10B30 /* Assets.xcassets in Resources */,
				D07DFF612A0AF2FD00F10B30 /* StartPersonalityTestViewController.xib in Resources */,
				D07DFF292A0AE94700F10B30 /* Main.storyboard in Resources */,
			);
			runOnlyForDeploymentPostprocessing = 0;
		};
		D07DFF322A0AE94900F10B30 /* Resources */ = {
			isa = PBXResourcesBuildPhase;
			buildActionMask = 2147483647;
			files = (
			);
			runOnlyForDeploymentPostprocessing = 0;
		};
		D07DFF3C2A0AE94900F10B30 /* Resources */ = {
			isa = PBXResourcesBuildPhase;
			buildActionMask = 2147483647;
			files = (
			);
			runOnlyForDeploymentPostprocessing = 0;
		};
/* End PBXResourcesBuildPhase section */

/* Begin PBXSourcesBuildPhase section */
		D07DFF1A2A0AE94700F10B30 /* Sources */ = {
			isa = PBXSourcesBuildPhase;
			buildActionMask = 2147483647;
			files = (
				D07DFF262A0AE94700F10B30 /* ViewController.swift in Sources */,
				D07DFF602A0AF2FD00F10B30 /* StartPersonalityTestViewController.swift in Sources */,
				D07DFF222A0AE94700F10B30 /* AppDelegate.swift in Sources */,
				D07DFF5C2A0AF16F00F10B30 /* ApiRequest.swift in Sources */,
				D07DFF5A2A0AF15F00F10B30 /* ApiClient.swift in Sources */,
			);
			runOnlyForDeploymentPostprocessing = 0;
		};
		D07DFF302A0AE94900F10B30 /* Sources */ = {
			isa = PBXSourcesBuildPhase;
			buildActionMask = 2147483647;
			files = (
				D07DFF392A0AE94900F10B30 /* PersonalityAppTests.swift in Sources */,
			);
			runOnlyForDeploymentPostprocessing = 0;
		};
		D07DFF3A2A0AE94900F10B30 /* Sources */ = {
			isa = PBXSourcesBuildPhase;
			buildActionMask = 2147483647;
			files = (
				D07DFF432A0AE94900F10B30 /* PersonalityAppUITests.swift in Sources */,
				D07DFF452A0AE94900F10B30 /* PersonalityAppUITestsLaunchTests.swift in Sources */,
			);
			runOnlyForDeploymentPostprocessing = 0;
		};
/* End PBXSourcesBuildPhase section */

/* Begin PBXTargetDependency section */
		D07DFF362A0AE94900F10B30 /* PBXTargetDependency */ = {
			isa = PBXTargetDependency;
			target = D07DFF1D2A0AE94700F10B30 /* PersonalityApp */;
			targetProxy = D07DFF352A0AE94900F10B30 /* PBXContainerItemProxy */;
		};
		D07DFF402A0AE94900F10B30 /* PBXTargetDependency */ = {
			isa = PBXTargetDependency;
			target = D07DFF1D2A0AE94700F10B30 /* PersonalityApp */;
			targetProxy = D07DFF3F2A0AE94900F10B30 /* PBXContainerItemProxy */;
		};
/* End PBXTargetDependency section */

/* Begin PBXVariantGroup section */
		D07DFF272A0AE94700F10B30 /* Main.storyboard */ = {
			isa = PBXVariantGroup;
			children = (
				D07DFF282A0AE94700F10B30 /* Base */,
			);
			name = Main.storyboard;
			sourceTree = "<group>";
		};
		D07DFF2C2A0AE94900F10B30 /* LaunchScreen.storyboard */ = {
			isa = PBXVariantGroup;
			children = (
				D07DFF2D2A0AE94900F10B30 /* Base */,
			);
			name = LaunchScreen.storyboard;
			sourceTree = "<group>";
		};
/* End PBXVariantGroup section */

/* Begin XCBuildConfiguration section */
		D07DFF462A0AE94900F10B30 /* Debug */ = {
			isa = XCBuildConfiguration;
			buildSettings = {
				ALWAYS_SEARCH_USER_PATHS = NO;
				CLANG_ANALYZER_NONNULL = YES;
				CLANG_ANALYZER_NUMBER_OBJECT_CONVERSION = YES_AGGRESSIVE;
				CLANG_CXX_LANGUAGE_STANDARD = "gnu++20";
				CLANG_ENABLE_MODULES = YES;
				CLANG_ENABLE_OBJC_ARC = YES;
				CLANG_ENABLE_OBJC_WEAK = YES;
				CLANG_WARN_BLOCK_CAPTURE_AUTORELEASING = YES;
				CLANG_WARN_BOOL_CONVERSION = YES;
				CLANG_WARN_COMMA = YES;
				CLANG_WARN_CONSTANT_CONVERSION = YES;
				CLANG_WARN_DEPRECATED_OBJC_IMPLEMENTATIONS = YES;
				CLANG_WARN_DIRECT_OBJC_ISA_USAGE = YES_ERROR;
				CLANG_WARN_DOCUMENTATION_COMMENTS = YES;
				CLANG_WARN_EMPTY_BODY = YES;
				CLANG_WARN_ENUM_CONVERSION = YES;
				CLANG_WARN_INFINITE_RECURSION = YES;
				CLANG_WARN_INT_CONVERSION = YES;
				CLANG_WARN_NON_LITERAL_NULL_CONVERSION = YES;
				CLANG_WARN_OBJC_IMPLICIT_RETAIN_SELF = YES;
				CLANG_WARN_OBJC_LITERAL_CONVERSION = YES;
				CLANG_WARN_OBJC_ROOT_CLASS = YES_ERROR;
				CLANG_WARN_QUOTED_INCLUDE_IN_FRAMEWORK_HEADER = YES;
				CLANG_WARN_RANGE_LOOP_ANALYSIS = YES;
				CLANG_WARN_STRICT_PROTOTYPES = YES;
				CLANG_WARN_SUSPICIOUS_MOVE = YES;
				CLANG_WARN_UNGUARDED_AVAILABILITY = YES_AGGRESSIVE;
				CLANG_WARN_UNREACHABLE_CODE = YES;
				CLANG_WARN__DUPLICATE_METHOD_MATCH = YES;
				COPY_PHASE_STRIP = NO;
				DEBUG_INFORMATION_FORMAT = dwarf;
				ENABLE_STRICT_OBJC_MSGSEND = YES;
				ENABLE_TESTABILITY = YES;
				GCC_C_LANGUAGE_STANDARD = gnu11;
				GCC_DYNAMIC_NO_PIC = NO;
				GCC_NO_COMMON_BLOCKS = YES;
				GCC_OPTIMIZATION_LEVEL = 0;
				GCC_PREPROCESSOR_DEFINITIONS = (
					"DEBUG=1",
					"$(inherited)",
				);
				GCC_WARN_64_TO_32_BIT_CONVERSION = YES;
				GCC_WARN_ABOUT_RETURN_TYPE = YES_ERROR;
				GCC_WARN_UNDECLARED_SELECTOR = YES;
				GCC_WARN_UNINITIALIZED_AUTOS = YES_AGGRESSIVE;
				GCC_WARN_UNUSED_FUNCTION = YES;
				GCC_WARN_UNUSED_VARIABLE = YES;
				IPHONEOS_DEPLOYMENT_TARGET = 16.4;
				MTL_ENABLE_DEBUG_INFO = INCLUDE_SOURCE;
				MTL_FAST_MATH = YES;
				ONLY_ACTIVE_ARCH = YES;
				SDKROOT = iphoneos;
				SWIFT_ACTIVE_COMPILATION_CONDITIONS = DEBUG;
				SWIFT_OPTIMIZATION_LEVEL = "-Onone";
			};
			name = Debug;
		};
		D07DFF472A0AE94900F10B30 /* Release */ = {
			isa = XCBuildConfiguration;
			buildSettings = {
				ALWAYS_SEARCH_USER_PATHS = NO;
				CLANG_ANALYZER_NONNULL = YES;
				CLANG_ANALYZER_NUMBER_OBJECT_CONVERSION = YES_AGGRESSIVE;
				CLANG_CXX_LANGUAGE_STANDARD = "gnu++20";
				CLANG_ENABLE_MODULES = YES;
				CLANG_ENABLE_OBJC_ARC = YES;
				CLANG_ENABLE_OBJC_WEAK = YES;
				CLANG_WARN_BLOCK_CAPTURE_AUTORELEASING = YES;
				CLANG_WARN_BOOL_CONVERSION = YES;
				CLANG_WARN_COMMA = YES;
				CLANG_WARN_CONSTANT_CONVERSION = YES;
				CLANG_WARN_DEPRECATED_OBJC_IMPLEMENTATIONS = YES;
				CLANG_WARN_DIRECT_OBJC_ISA_USAGE = YES_ERROR;
				CLANG_WARN_DOCUMENTATION_COMMENTS = YES;
				CLANG_WARN_EMPTY_BODY = YES;
				CLANG_WARN_ENUM_CONVERSION = YES;
				CLANG_WARN_INFINITE_RECURSION = YES;
				CLANG_WARN_INT_CONVERSION = YES;
				CLANG_WARN_NON_LITERAL_NULL_CONVERSION = YES;
				CLANG_WARN_OBJC_IMPLICIT_RETAIN_SELF = YES;
				CLANG_WARN_OBJC_LITERAL_CONVERSION = YES;
				CLANG_WARN_OBJC_ROOT_CLASS = YES_ERROR;
				CLANG_WARN_QUOTED_INCLUDE_IN_FRAMEWORK_HEADER = YES;
				CLANG_WARN_RANGE_LOOP_ANALYSIS = YES;
				CLANG_WARN_STRICT_PROTOTYPES = YES;
				CLANG_WARN_SUSPICIOUS_MOVE = YES;
				CLANG_WARN_UNGUARDED_AVAILABILITY = YES_AGGRESSIVE;
				CLANG_WARN_UNREACHABLE_CODE = YES;
				CLANG_WARN__DUPLICATE_METHOD_MATCH = YES;
				COPY_PHASE_STRIP = NO;
				DEBUG_INFORMATION_FORMAT = "dwarf-with-dsym";
				ENABLE_NS_ASSERTIONS = NO;
				ENABLE_STRICT_OBJC_MSGSEND = YES;
				GCC_C_LANGUAGE_STANDARD = gnu11;
				GCC_NO_COMMON_BLOCKS = YES;
				GCC_WARN_64_TO_32_BIT_CONVERSION = YES;
				GCC_WARN_ABOUT_RETURN_TYPE = YES_ERROR;
				GCC_WARN_UNDECLARED_SELECTOR = YES;
				GCC_WARN_UNINITIALIZED_AUTOS = YES_AGGRESSIVE;
				GCC_WARN_UNUSED_FUNCTION = YES;
				GCC_WARN_UNUSED_VARIABLE = YES;
				IPHONEOS_DEPLOYMENT_TARGET = 16.4;
				MTL_ENABLE_DEBUG_INFO = NO;
				MTL_FAST_MATH = YES;
				SDKROOT = iphoneos;
				SWIFT_COMPILATION_MODE = wholemodule;
				SWIFT_OPTIMIZATION_LEVEL = "-O";
				VALIDATE_PRODUCT = YES;
			};
			name = Release;
		};
		D07DFF492A0AE94900F10B30 /* Debug */ = {
			isa = XCBuildConfiguration;
			buildSettings = {
				ASSETCATALOG_COMPILER_APPICON_NAME = AppIcon;
				ASSETCATALOG_COMPILER_GLOBAL_ACCENT_COLOR_NAME = AccentColor;
				CODE_SIGN_STYLE = Automatic;
				CURRENT_PROJECT_VERSION = 1;
				DEVELOPMENT_TEAM = T624DTGMSS;
				GENERATE_INFOPLIST_FILE = YES;
				INFOPLIST_FILE = PersonalityApp/Resources/Info.plist;
				INFOPLIST_KEY_UIApplicationSupportsIndirectInputEvents = YES;
				INFOPLIST_KEY_UILaunchStoryboardName = LaunchScreen;
				INFOPLIST_KEY_UIMainStoryboardFile = Main;
				INFOPLIST_KEY_UISupportedInterfaceOrientations_iPad = "UIInterfaceOrientationPortrait UIInterfaceOrientationPortraitUpsideDown UIInterfaceOrientationLandscapeLeft UIInterfaceOrientationLandscapeRight";
				INFOPLIST_KEY_UISupportedInterfaceOrientations_iPhone = "UIInterfaceOrientationPortrait UIInterfaceOrientationLandscapeLeft UIInterfaceOrientationLandscapeRight";
				LD_RUNPATH_SEARCH_PATHS = (
					"$(inherited)",
					"@executable_path/Frameworks",
				);
				MARKETING_VERSION = 1.0;
				PRODUCT_BUNDLE_IDENTIFIER = mehmed.tukulic.PersonalityApp;
				PRODUCT_NAME = "$(TARGET_NAME)";
				SUPPORTED_PLATFORMS = "iphoneos iphonesimulator";
				SUPPORTS_MACCATALYST = NO;
				SUPPORTS_MAC_DESIGNED_FOR_IPHONE_IPAD = NO;
				SWIFT_EMIT_LOC_STRINGS = YES;
				SWIFT_VERSION = 5.0;
				TARGETED_DEVICE_FAMILY = 1;
			};
			name = Debug;
		};
		D07DFF4A2A0AE94900F10B30 /* Release */ = {
			isa = XCBuildConfiguration;
			buildSettings = {
				ASSETCATALOG_COMPILER_APPICON_NAME = AppIcon;
				ASSETCATALOG_COMPILER_GLOBAL_ACCENT_COLOR_NAME = AccentColor;
				CODE_SIGN_STYLE = Automatic;
				CURRENT_PROJECT_VERSION = 1;
				DEVELOPMENT_TEAM = T624DTGMSS;
				GENERATE_INFOPLIST_FILE = YES;
				INFOPLIST_FILE = PersonalityApp/Resources/Info.plist;
				INFOPLIST_KEY_UIApplicationSupportsIndirectInputEvents = YES;
				INFOPLIST_KEY_UILaunchStoryboardName = LaunchScreen;
				INFOPLIST_KEY_UIMainStoryboardFile = Main;
				INFOPLIST_KEY_UISupportedInterfaceOrientations_iPad = "UIInterfaceOrientationPortrait UIInterfaceOrientationPortraitUpsideDown UIInterfaceOrientationLandscapeLeft UIInterfaceOrientationLandscapeRight";
				INFOPLIST_KEY_UISupportedInterfaceOrientations_iPhone = "UIInterfaceOrientationPortrait UIInterfaceOrientationLandscapeLeft UIInterfaceOrientationLandscapeRight";
				LD_RUNPATH_SEARCH_PATHS = (
					"$(inherited)",
					"@executable_path/Frameworks",
				);
				MARKETING_VERSION = 1.0;
				PRODUCT_BUNDLE_IDENTIFIER = mehmed.tukulic.PersonalityApp;
				PRODUCT_NAME = "$(TARGET_NAME)";
				SUPPORTED_PLATFORMS = "iphoneos iphonesimulator";
				SUPPORTS_MACCATALYST = NO;
				SUPPORTS_MAC_DESIGNED_FOR_IPHONE_IPAD = NO;
				SWIFT_EMIT_LOC_STRINGS = YES;
				SWIFT_VERSION = 5.0;
				TARGETED_DEVICE_FAMILY = 1;
			};
			name = Release;
		};
		D07DFF4C2A0AE94900F10B30 /* Debug */ = {
			isa = XCBuildConfiguration;
			buildSettings = {
				ALWAYS_EMBED_SWIFT_STANDARD_LIBRARIES = YES;
				BUNDLE_LOADER = "$(TEST_HOST)";
				CODE_SIGN_STYLE = Automatic;
				CURRENT_PROJECT_VERSION = 1;
				DEVELOPMENT_TEAM = T624DTGMSS;
				GENERATE_INFOPLIST_FILE = YES;
				IPHONEOS_DEPLOYMENT_TARGET = 16.4;
				MARKETING_VERSION = 1.0;
				PRODUCT_BUNDLE_IDENTIFIER = mehmed.tukulic.PersonalityAppTests;
				PRODUCT_NAME = "$(TARGET_NAME)";
				SWIFT_EMIT_LOC_STRINGS = NO;
				SWIFT_VERSION = 5.0;
				TARGETED_DEVICE_FAMILY = "1,2";
				TEST_HOST = "$(BUILT_PRODUCTS_DIR)/PersonalityApp.app/$(BUNDLE_EXECUTABLE_FOLDER_PATH)/PersonalityApp";
			};
			name = Debug;
		};
		D07DFF4D2A0AE94900F10B30 /* Release */ = {
			isa = XCBuildConfiguration;
			buildSettings = {
				ALWAYS_EMBED_SWIFT_STANDARD_LIBRARIES = YES;
				BUNDLE_LOADER = "$(TEST_HOST)";
				CODE_SIGN_STYLE = Automatic;
				CURRENT_PROJECT_VERSION = 1;
				DEVELOPMENT_TEAM = T624DTGMSS;
				GENERATE_INFOPLIST_FILE = YES;
				IPHONEOS_DEPLOYMENT_TARGET = 16.4;
				MARKETING_VERSION = 1.0;
				PRODUCT_BUNDLE_IDENTIFIER = mehmed.tukulic.PersonalityAppTests;
				PRODUCT_NAME = "$(TARGET_NAME)";
				SWIFT_EMIT_LOC_STRINGS = NO;
				SWIFT_VERSION = 5.0;
				TARGETED_DEVICE_FAMILY = "1,2";
				TEST_HOST = "$(BUILT_PRODUCTS_DIR)/PersonalityApp.app/$(BUNDLE_EXECUTABLE_FOLDER_PATH)/PersonalityApp";
			};
			name = Release;
		};
		D07DFF4F2A0AE94900F10B30 /* Debug */ = {
			isa = XCBuildConfiguration;
			buildSettings = {
				ALWAYS_EMBED_SWIFT_STANDARD_LIBRARIES = YES;
				CODE_SIGN_STYLE = Automatic;
				CURRENT_PROJECT_VERSION = 1;
				DEVELOPMENT_TEAM = T624DTGMSS;
				GENERATE_INFOPLIST_FILE = YES;
				MARKETING_VERSION = 1.0;
				PRODUCT_BUNDLE_IDENTIFIER = mehmed.tukulic.PersonalityAppUITests;
				PRODUCT_NAME = "$(TARGET_NAME)";
				SWIFT_EMIT_LOC_STRINGS = NO;
				SWIFT_VERSION = 5.0;
				TARGETED_DEVICE_FAMILY = "1,2";
				TEST_TARGET_NAME = PersonalityApp;
			};
			name = Debug;
		};
		D07DFF502A0AE94900F10B30 /* Release */ = {
			isa = XCBuildConfiguration;
			buildSettings = {
				ALWAYS_EMBED_SWIFT_STANDARD_LIBRARIES = YES;
				CODE_SIGN_STYLE = Automatic;
				CURRENT_PROJECT_VERSION = 1;
				DEVELOPMENT_TEAM = T624DTGMSS;
				GENERATE_INFOPLIST_FILE = YES;
				MARKETING_VERSION = 1.0;
				PRODUCT_BUNDLE_IDENTIFIER = mehmed.tukulic.PersonalityAppUITests;
				PRODUCT_NAME = "$(TARGET_NAME)";
				SWIFT_EMIT_LOC_STRINGS = NO;
				SWIFT_VERSION = 5.0;
				TARGETED_DEVICE_FAMILY = "1,2";
				TEST_TARGET_NAME = PersonalityApp;
			};
			name = Release;
		};
/* End XCBuildConfiguration section */

/* Begin XCConfigurationList section */
		D07DFF192A0AE94700F10B30 /* Build configuration list for PBXProject "PersonalityApp" */ = {
			isa = XCConfigurationList;
			buildConfigurations = (
				D07DFF462A0AE94900F10B30 /* Debug */,
				D07DFF472A0AE94900F10B30 /* Release */,
			);
			defaultConfigurationIsVisible = 0;
			defaultConfigurationName = Release;
		};
		D07DFF482A0AE94900F10B30 /* Build configuration list for PBXNativeTarget "PersonalityApp" */ = {
			isa = XCConfigurationList;
			buildConfigurations = (
				D07DFF492A0AE94900F10B30 /* Debug */,
				D07DFF4A2A0AE94900F10B30 /* Release */,
			);
			defaultConfigurationIsVisible = 0;
			defaultConfigurationName = Release;
		};
		D07DFF4B2A0AE94900F10B30 /* Build configuration list for PBXNativeTarget "PersonalityAppTests" */ = {
			isa = XCConfigurationList;
			buildConfigurations = (
				D07DFF4C2A0AE94900F10B30 /* Debug */,
				D07DFF4D2A0AE94900F10B30 /* Release */,
			);
			defaultConfigurationIsVisible = 0;
			defaultConfigurationName = Release;
		};
		D07DFF4E2A0AE94900F10B30 /* Build configuration list for PBXNativeTarget "PersonalityAppUITests" */ = {
			isa = XCConfigurationList;
			buildConfigurations = (
				D07DFF4F2A0AE94900F10B30 /* Debug */,
				D07DFF502A0AE94900F10B30 /* Release */,
			);
			defaultConfigurationIsVisible = 0;
			defaultConfigurationName = Release;
		};
/* End XCConfigurationList section */
	};
	rootObject = D07DFF162A0AE94700F10B30 /* Project object */;
}
